NeoBundleLock neobundle.vim 1d9257dfcff297959332f262351746ec88166965
NeoBundleLock neocomplcache.vim 778181767467b8f8016828898779a646074d883a
NeoBundleLock neocomplete 7f30d3335712d122f25b28ca7be0175286a81416
NeoBundleLock neosnippet 02176938f751e20a3a794e836aaba14e11eba34e
NeoBundleLock neosnippet-snippets 42e81d1409fd08a3acec8c82c8480880338e4808
NeoBundleLock syntastic 60f97939381e6224baef89583f85f5e4c3a67cfa
NeoBundleLock unite.vim f376de838a46c4848a81a2e95ebc4116732b1fef
NeoBundleLock vim-yaml 06755a296f2248c91f020ccb4e0b3f211365037e
NeoBundleLock vimproc.vim c809cb15f04f2ae62cb345365d2e76665294623b
