NeoBundleLock AutoClose 04d8f1c0f25cd8d02dcb2ae1849d83caca0a1ee8
NeoBundleLock dbext.vim d38ee2a115b17a0f6424011dc26a7d576c7e8668
NeoBundleLock neobundle.vim 1d9257dfcff297959332f262351746ec88166965
NeoBundleLock neocomplcache.vim 778181767467b8f8016828898779a646074d883a
NeoBundleLock neocomplete 04d8f1c0f25cd8d02dcb2ae1849d83caca0a1ee8
NeoBundleLock neosnippet 04d8f1c0f25cd8d02dcb2ae1849d83caca0a1ee8
NeoBundleLock neosnippet-snippets 04d8f1c0f25cd8d02dcb2ae1849d83caca0a1ee8
NeoBundleLock nerdtree 04d8f1c0f25cd8d02dcb2ae1849d83caca0a1ee8
NeoBundleLock syntastic 04d8f1c0f25cd8d02dcb2ae1849d83caca0a1ee8
NeoBundleLock unite.vim f376de838a46c4848a81a2e95ebc4116732b1fef
NeoBundleLock vim-rails 04d8f1c0f25cd8d02dcb2ae1849d83caca0a1ee8
NeoBundleLock vim-yaml 04d8f1c0f25cd8d02dcb2ae1849d83caca0a1ee8
NeoBundleLock vimproc 04d8f1c0f25cd8d02dcb2ae1849d83caca0a1ee8
