NeoBundleLock vimproc 3e055023dfab4f5a4dfa05a834f9d0cb7294a82e
NeoBundleLock vim-rails 075a0100b88489215aaeb4280143ce8a5e8ebc7b
NeoBundleLock nerdtree 4f1e6ecb057fc0bac189171c1430d71ef25f6bb1
NeoBundleLock neobundle.vim 816d21d99a071cc86ba2ffbb4679dde3b764bed7
NeoBundleLock neocomplcache.vim 237442924ac366015e6e0a8a13a31ac37be0c696
NeoBundleLock syntastic 8e9ece2144108c2add0bf60c9aaf66953477350e
NeoBundleLock AutoClose d50ea9a887e14e1af43788beaa66144bbc745cb5
NeoBundleLock dbext.vim d44fd5cca10c466c0eb3d6f7b18c4b13f5bf24d7
NeoBundleLock neosnippet 47342389214ed9f7cf3e0b38cf9991e88b222ace
